%{"arc": {:hex, :arc, "0.3.0", "3ed995df9a0c50d503e4764a5a0bbe2450dbf92d074aa5cccc5c326f2b3da677", [:mix], [{:ex_aws, "~> 0.4.10", [hex: :ex_aws, optional: true]}, {:httpoison, "~> 0.7", [hex: :httpoison, optional: true]}]},
  "arc_ecto": {:hex, :arc_ecto, "0.3.2", "8893135fe4d5cf9b2a6aeb0e17bedd5c6f7ad5d89f760995805451c859bf8f89", [:mix], [{:arc, "~> 0.2", [hex: :arc, optional: false]}, {:ecto, ">= 0.10.0", [hex: :ecto, optional: false]}]},
  "base64url": {:hex, :base64url, "0.0.1", "36a90125f5948e3afd7be97662a1504b934dd5dac78451ca6e9abf85a10286be", [:rebar], []},
  "basho_stats": {:hex, :basho_stats, "1.0.3", "7e1174151509c64fcc1934120ed32295e14f84daae7f84926ba2c8d3700d146c", [:rebar3], []},
  "bear": {:hex, :bear, "0.8.3", "866002127a97932720a0d475d8582c98ec5fb78db3a18dfe7eaf91594d9024b8", [:rebar3], []},
  "blume": {:hex, :blume, "0.1.0", "62dda46b43e24d4b8d5407b8f6ddb78ebd2a8cdc84d9bc822cddaef6f402f3eb", [:rebar3], []},
  "bunt": {:hex, :bunt, "0.2.0", "951c6e801e8b1d2cbe58ebbd3e616a869061ddadcc4863d0a2182541acae9a38", [:mix], []},
  "chash": {:hex, :chash, "0.1.2", "af02484f2640c653c4b9a8557a14ca0704989dbedb27e7ccbc442f1903a3bca7", [:rebar3], []},
  "clique": {:hex, :clique, "0.3.6", "1a7eb99df038cc3c76686a67ca41d0f5f6a2f0f5d9863fe091eb8c35600ef80f", [:rebar3], [{:cuttlefish, "~>2.0.8", [hex: :cuttlefish, optional: false]}]},
  "comeonin": {:hex, :comeonin, "2.6.0", "74c288338b33205f9ce97e2117bb9a2aaab103a1811d243443d76fdb62f904ac", [:make, :mix], []},
  "conform": {:hex, :conform, "0.11.0", "fe5a68ab8533b53b4a463aa2ee71c622bea19b86e0183b8d34c23c6b8ed17dc7", [:mix], []},
  "connection": {:hex, :connection, "1.0.4", "a1cae72211f0eef17705aaededacac3eb30e6625b04a6117c1b2db6ace7d5976", [:mix], []},
  "cors_plug": {:hex, :cors_plug, "1.2.1", "bbe1381a52e4a16e609cf3c4cbfde6884726a58b9a1a205db104dbdfc542f447", [:mix], [{:plug, "> 0.8.0", [hex: :plug, optional: false]}]},
  "cowboy": {:hex, :cowboy, "1.1.2", "61ac29ea970389a88eca5a65601460162d370a70018afe6f949a29dca91f3bb0", [:rebar3], [{:cowlib, "~> 1.0.2", [hex: :cowlib, optional: false]}, {:ranch, "~> 1.3.2", [hex: :ranch, optional: false]}]},
  "cowlib": {:hex, :cowlib, "1.0.2", "9d769a1d062c9c3ac753096f868ca121e2730b9a377de23dec0f7e08b1df84ee", [:make], []},
  "credo": {:hex, :credo, "0.6.1", "a941e2591bd2bd2055dc92b810c174650b40b8290459c89a835af9d59ac4a5f8", [:mix], [{:bunt, "~> 0.2.0", [hex: :bunt, optional: false]}]},
  "cuttlefish": {:hex, :cuttlefish, "2.0.11", "d266ac68ba801803ace4ef3dec0fc419f184092e1882e19f7afc29a6d4334e6a", [:rebar3], [{:getopt, "0.8.2", [hex: :getopt, optional: false]}, {:lager, "~>3.2.1", [hex: :lager, optional: false]}]},
  "db_connection": {:hex, :db_connection, "0.2.5", "3e5e28019e0ec744345568d22a2f5206109bff0e2571f4d7819e0d14cf955f3e", [:mix], [{:connection, "~> 1.0.2", [hex: :connection, optional: false]}, {:poolboy, "~> 1.5", [hex: :poolboy, optional: true]}, {:sbroker, "~> 0.7", [hex: :sbroker, optional: true]}]},
  "decimal": {:hex, :decimal, "1.3.1", "157b3cedb2bfcb5359372a7766dd7a41091ad34578296e951f58a946fcab49c6", [:mix], []},
  "ecto": {:hex, :ecto, "1.1.4", "a97d597de8f7299d72c14a9194bdf452ad3660f0c10a8e603b9a0d04b97ec326", [:mix], [{:decimal, "~> 1.0", [hex: :decimal, optional: false]}, {:mariaex, "~> 0.5 or ~> 0.6", [hex: :mariaex, optional: true]}, {:poison, "~> 1.0", [hex: :poison, optional: true]}, {:poolboy, "~> 1.4", [hex: :poolboy, optional: false]}, {:postgrex, "~> 0.11.0", [hex: :postgrex, optional: true]}, {:sbroker, "~> 0.7", [hex: :sbroker, optional: true]}]},
  "edown": {:hex, :edown, "0.7.0", "6803599606b10f8e328d6d60c44cd16244cd2429908894c415fce4211c3bfefd", [:make, :rebar], []},
  "eleveldb": {:hex, :eleveldb, "2.2.20", "1fff63a5055bbf4bf821f797ef76065882b193f5e8095f95fcd9287187773b58", [:rebar3], []},
  "exometer_core": {:hex, :basho_exometer_core, "1.0.2", "dc4bc9b0b47edee0c053b16ac5b9c692e662c7e1513ffc96f4d928bc3328d65f", [:rebar3], [{:folsom, "~>0.8.3", [hex: :folsom, optional: false]}, {:lager, "~>3.2.0", [hex: :lager, optional: false]}, {:parse_trans, "~>2.9.0", [hex: :parse_trans, optional: false]}, {:setup, "~>1.7.0", [hex: :setup, optional: false]}]},
  "exrm": {:hex, :exrm, "0.14.17", "b804614cfc8ded1730ff0d51f059ea2cf7d826eb05fe24d6de87c9e0673decb6", [:mix], [{:conform, "~> 0.11.0", [hex: :conform, optional: false]}]},
  "folsom": {:hex, :folsom, "0.8.3", "71cff146152fa95e6092e62119f9dc96888660111e7b61853c8fdcf80598a4e0", [:rebar3], [{:bear, "0.8.3", [hex: :bear, optional: false]}]},
  "fs": {:hex, :fs, "0.9.2", "ed17036c26c3f70ac49781ed9220a50c36775c6ca2cf8182d123b6566e49ec59", [:rebar], []},
  "getopt": {:hex, :getopt, "0.8.2", "b17556db683000ba50370b16c0619df1337e7af7ecbf7d64fbf8d1d6bce3109b", [:rebar], []},
  "gettext": {:hex, :gettext, "0.13.1", "5e0daf4e7636d771c4c71ad5f3f53ba09a9ae5c250e1ab9c42ba9edccc476263", [:mix], []},
  "goldrush": {:hex, :goldrush, "0.1.9", "f06e5d5f1277da5c413e84d5a2924174182fb108dabb39d5ec548b27424cd106", [:rebar3], []},
  "guardian": {:hex, :guardian, "0.9.1", "e4c355e58dbff04a332f882148a2e95577c7e7107a20dbdff1a7615267caa0f9", [:mix], [{:jose, "~> 1.4", [hex: :jose, optional: false]}, {:plug, "~> 1.0", [hex: :plug, optional: false]}, {:poison, "~> 1.5", [hex: :poison, optional: false]}, {:uuid, ">=1.1.1", [hex: :uuid, optional: false]}]},
  "hamcrest": {:hex, :hamcrest, "0.1.2", "2f06fad05983ce98a7832c4a7a508aab935b68865fdf607d30a030c129ec1365", [:make, :rebar], []},
  "jam": {:hex, :jam, "1.0.0", "ed9b180f2f3a775e6a47ac490954976802f0638c19a393f3e86d4ba4cf890582", [:rebar3], []},
  "jose": {:hex, :jose, "1.8.1", "840ebf379dbdc36a2856d579d911faefe0810270efa97113423af9f76ca7ca0c", [:mix, :rebar3], [{:base64url, "~> 0.0.1", [hex: :base64url, optional: false]}]},
  "lager": {:hex, :lager, "3.2.4", "a6deb74dae7927f46bd13255268308ef03eb206ec784a94eaf7c1c0f3b811615", [:rebar3], [{:goldrush, "0.1.9", [hex: :goldrush, optional: false]}]},
  "linguist": {:hex, :linguist, "0.1.5", "98739fc47ac5d951322a57c787f46786c95b53d800105d43a0631633e7f9da9b", [:mix], []},
  "mariaex": {:hex, :mariaex, "0.7.3", "f4846beeb12c0ed11ad9f0fe61b3b0f53801d941f4cce0c8cf82077969bda895", [:mix], [{:db_connection, "~> 0.2", [hex: :db_connection, optional: false]}, {:decimal, "~> 1.0", [hex: :decimal, optional: false]}]},
  "meck": {:hex, :meck, "0.8.4", "59ca1cd971372aa223138efcf9b29475bde299e1953046a0c727184790ab1520", [:make, :rebar], []},
  "mime": {:hex, :mime, "1.1.0", "01c1d6f4083d8aa5c7b8c246ade95139620ef8effb009edde934e0ec3b28090a", [:mix], []},
  "parse_trans": {:hex, :parse_trans, "2.9.0", "3f5f7b402928fb9fd200c891e635de909045d1efac40ce3f924d3892898f85eb", [:rebar], [{:edown, "> 0.0.0", [hex: :edown, optional: false]}]},
  "pbkdf2": {:hex, :pbkdf2, "2.0.0", "11c23279fded5c0027ab3996cfae77805521d7ef4babde2bd7ec04a9086cf499", [:rebar3], []},
  "phoenix": {:hex, :phoenix, "1.2.1", "6dc592249ab73c67575769765b66ad164ad25d83defa3492dc6ae269bd2a68ab", [:mix], [{:cowboy, "~> 1.0", [hex: :cowboy, optional: true]}, {:phoenix_pubsub, "~> 1.0", [hex: :phoenix_pubsub, optional: false]}, {:plug, "~> 1.1", [hex: :plug, optional: false]}, {:poison, "~> 1.5 or ~> 2.0", [hex: :poison, optional: false]}]},
  "phoenix_ecto": {:hex, :phoenix_ecto, "2.0.3", "237fdaeeb0d6b5a2970a57e413f6f88e563e6539303d1da1852c4e4dfae6d294", [:mix], [{:ecto, "~> 1.1.2", [hex: :ecto, optional: false]}, {:phoenix_html, "~> 2.2.0 or ~> 2.3.0 or ~> 2.4.0 or ~> 2.5.0 or ~> 2.6.0", [hex: :phoenix_html, optional: true]}, {:poison, "~> 1.3 or ~> 2.0", [hex: :poison, optional: true]}]},
  "phoenix_html": {:hex, :phoenix_html, "2.9.3", "1b5a2122cbf743aa242f54dced8a4f1cc778b8bd304f4b4c0043a6250c58e258", [:mix], [{:plug, "~> 1.0", [hex: :plug, optional: false]}]},
  "phoenix_live_reload": {:hex, :phoenix_live_reload, "1.0.8", "4333f9c74190f485a74866beff2f9304f069d53f047f5fbb0fb8d1ee4c495f73", [:mix], [{:fs, "~> 0.9.1", [hex: :fs, optional: false]}, {:phoenix, "~> 1.0 or ~> 1.2-rc", [hex: :phoenix, optional: false]}]},
  "phoenix_pubsub": {:hex, :phoenix_pubsub, "1.0.1", "c10ddf6237007c804bf2b8f3c4d5b99009b42eca3a0dfac04ea2d8001186056a", [:mix], []},
  "plug": {:hex, :plug, "1.3.1", "aaf54675428a393370ec1f4c865e3fcf42608686960764beac93c5abeba9e655", [:mix], [{:cowboy, "~> 1.0.1 or ~> 1.1", [hex: :cowboy, optional: true]}, {:mime, "~> 1.0", [hex: :mime, optional: false]}]},
  "poison": {:hex, :poison, "2.2.0", "4763b69a8a77bd77d26f477d196428b741261a761257ff1cf92753a0d4d24a63", [:mix], []},
  "poolboy": {:hex, :poolboy, "1.5.1", "6b46163901cfd0a1b43d692657ed9d7e599853b3b21b95ae5ae0a777cf9b6ca8", [:rebar], []},
  "pooler": {:hex, :pooler, "1.5.0", "0fd4be5d2976e6a2e9a1617623031758c26f200c1fca89e4a3c542747bec6371", [:make, :rebar], []},
  "postgrex": {:hex, :postgrex, "0.13.1", "ebf17b7348922af9db8b4d70f946328ab9ef5123526bf05567d9306393fce104", [:mix], [{:connection, "~> 1.0", [hex: :connection, optional: false]}, {:db_connection, "~> 1.1", [hex: :db_connection, optional: false]}, {:decimal, "~> 1.0", [hex: :decimal, optional: false]}]},
  "protobuffs": {:hex, :protobuffs, "0.8.4", "d38ca5f7380d8477c274680273372011890f8d0037c0d7e7db5c0207b89a4e0b", [:make, :rebar], [{:meck, "~> 0.8.4", [hex: :meck, optional: false]}]},
  "ranch": {:hex, :ranch, "1.3.2", "e4965a144dc9fbe70e5c077c65e73c57165416a901bd02ea899cfd95aa890986", [:rebar3], []},
  "riak": {:hex, :riak, "1.1.0", "25d4ab68fa2b0c76bafb8144646ed536e7bf2c10e6cc5cf55defb29f1808f8f4", [:mix], [{:linguist, "~> 0.1", [hex: :linguist, optional: false]}, {:pooler, "~> 1.5", [hex: :pooler, optional: false]}, {:riakc, "~> 2.4", [hex: :riakc, optional: false]}]},
  "riak_core": {:hex, :riak_core_ng, "3.0.2", "ebe6bef186387f10245a3d8323aa1007781761a3c72cd7548f6f433d6ccffc57", [:rebar3], [{:basho_stats, "~>1.0.3", [hex: :basho_stats, optional: false]}, {:blume, "~>0.1.0", [hex: :blume, optional: false]}, {:chash, "~>0.1.1", [hex: :chash, optional: false]}, {:clique, "~>0.3.6", [hex: :clique, optional: false]}, {:cuttlefish, "~>2.0.11", [hex: :cuttlefish, optional: false]}, {:edown, "0.7.0", [hex: :edown, optional: false]}, {:eleveldb, "~>2.2.20", [hex: :eleveldb, optional: false]}, {:exometer_core, "1.0.2", [hex: :basho_exometer_core, optional: false]}, {:folsom, "0.8.3", [hex: :folsom, optional: false]}, {:goldrush, "~>0.1.8", [hex: :goldrush, optional: false]}, {:jam, "~>1.0.0", [hex: :jam, optional: false]}, {:lager, "~>3.2.4", [hex: :lager, optional: false]}, {:pbkdf2, "~>2.0.0", [hex: :pbkdf2, optional: false]}, {:poolboy, "0.8.2", [hex: :basho_poolboy, optional: false]}, {:riak_ensemble, "2.4.0", [hex: :riak_ensemble_ng, optional: false]}, {:riak_sysmon, "~>2.1.3", [hex: :riak_sysmon, optional: false]}]},
  "riak_ensemble": {:hex, :riak_ensemble_ng, "2.4.0", "6570463bf09f1200c003de298c5d6615c418d3bf0a2df5caf469a9df2558059a", [:rebar3], [{:lager, "~>3.2.1", [hex: :lager, optional: false]}]},
  "riak_pb": {:hex, :riak_pb, "2.1.4", "0de76c3b44a950dc9ffe50f45f7b55128bacce12170705c5e364af95b96a33cf", [:make, :rebar], [{:hamcrest, "~> 0.1", [hex: :hamcrest, optional: false]}, {:protobuffs, "~> 0.8", [hex: :protobuffs, optional: false]}]},
  "riak_sysmon": {:hex, :riak_sysmon, "2.1.3", "2e81af5763336c0b136d7eceffbec3540db20d54459c9f2ae1275fee4927fb7b", [:rebar3], [{:lager, "~>3.2.0", [hex: :lager, optional: false]}]},
  "riakc": {:hex, :riakc, "2.4.1", "5d2e191ac6597e1a4cfb5628bf78219d126c5ffa42dbb904af622136d8426a32", [:make, :rebar], [{:riak_pb, "~> 2.1", [hex: :riak_pb, optional: false]}]},
  "setup": {:hex, :setup, "1.7.0", "15df8e57c6df9755e22bfb1aef0c640bd97e9889396fdfb2a85a5536a9043674", [:rebar3], []},
  "uuid": {:hex, :uuid, "1.1.6", "4927232f244e69c6e255643014c2d639dad5b8313dc2a6976ee1c3724e6ca60d", [:mix], []}}
